{
  "name": "lok",
  "version": "1.0.0",
  "lockfileVersion": 2,
  "requires": true,
  "packages": {
    "": {
      "name": "lok",
      "version": "1.0.0",
      "license": "ISC",
      "dependencies": {
        "@prisma/client": "^4.0.0",
        "csv": "^6.1.5",
        "csv-stringify": "^6.1.3",
        "fs": "^0.0.1-security",
        "node-fetch": "^2.6.7"
      },
      "devDependencies": {
        "prisma": "^4.0.0"
      }
    },
    "node_modules/@prisma/client": {
      "version": "4.0.0",
      "resolved": "https://registry.npmjs.org/@prisma/client/-/client-4.0.0.tgz",
      "integrity": "sha512-g1h2OGoRo7anBVQ9Cw3gsbjwPtvf7i0pkGxKeZICtwkvE5CZXW+xZF4FZdmrViYkKaAShbISL0teNpu9ecpf4g==",
      "hasInstallScript": true,
      "dependencies": {
        "@prisma/engines-version": "3.16.0-49.da41d2bb3406da22087b849f0e911199ba4fbf11"
      },
      "engines": {
        "node": ">=14.17"
      },
      "peerDependencies": {
        "prisma": "*"
      },
      "peerDependenciesMeta": {
        "prisma": {
          "optional": true
        }
      }
    },
    "node_modules/@prisma/engines": {
      "version": "3.16.0-49.da41d2bb3406da22087b849f0e911199ba4fbf11",
      "resolved": "https://registry.npmjs.org/@prisma/engines/-/engines-3.16.0-49.da41d2bb3406da22087b849f0e911199ba4fbf11.tgz",
      "integrity": "sha512-u/rG4lDHALolWBLr3yebZ+N2qImp3SDMcu7bHNJuRDaYvYEXy/MqfNRNEgd9GoPsXL3gofYf0VzJf2AmCG3YVw==",
      "devOptional": true,
      "hasInstallScript": true
    },
    "node_modules/@prisma/engines-version": {
      "version": "3.16.0-49.da41d2bb3406da22087b849f0e911199ba4fbf11",
      "resolved": "https://registry.npmjs.org/@prisma/engines-version/-/engines-version-3.16.0-49.da41d2bb3406da22087b849f0e911199ba4fbf11.tgz",
      "integrity": "sha512-PiZhdD624SrYEjyLboI0X7OugNbxUzDJx9v/6ldTKuqNDVUCmRH/Z00XwDi/dgM4FlqOSO+YiUsSiSKjxxG8cw=="
    },
    "node_modules/csv": {
      "version": "6.1.5",
      "resolved": "https://registry.npmjs.org/csv/-/csv-6.1.5.tgz",
      "integrity": "sha512-1zwpMJj/8qzU17VSGs2KKCNhc0vF596vTUcTChJvkj73ADYrPtOTSIV/OrcuFDAQhck3P+ihnvBvxDZ4o5jlBw==",
      "dependencies": {
        "csv-generate": "^4.1.0",
        "csv-parse": "^5.2.2",
        "csv-stringify": "^6.1.3",
        "stream-transform": "^3.1.0"
      },
      "engines": {
        "node": ">= 0.1.90"
      }
    },
    "node_modules/csv-generate": {
      "version": "4.1.0",
      "resolved": "https://registry.npmjs.org/csv-generate/-/csv-generate-4.1.0.tgz",
      "integrity": "sha512-Z17wI0xmDfpwzB7lShyK7INBt0YMyh5kV7svWTwsBSOa30T6Lq1fHHasmSCtf2rRTI7GnTk52HQRYBk0ToAXQQ=="
    },
    "node_modules/csv-parse": {
      "version": "5.2.2",
      "resolved": "https://registry.npmjs.org/csv-parse/-/csv-parse-5.2.2.tgz",
      "integrity": "sha512-WCQVGZM5YEj+2+mOuV0ss73GQi/pSlurOGD7qlJJi0sY9DPp2KiX7AInd3W1mjaxnIASlUIHirsTnLX5LoHF4g=="
    },
    "node_modules/csv-stringify": {
      "version": "6.1.3",
      "resolved": "https://registry.npmjs.org/csv-stringify/-/csv-stringify-6.1.3.tgz",
      "integrity": "sha512-jK2oj6VQafoke0uBXYqYhlwLg4d5qNYjikld+oMgdkOiSiFJygDfQJsiK67igX13Vb/DFnCJexnlhiSErjKR4g=="
    },
    "node_modules/fs": {
      "version": "0.0.1-security",
      "resolved": "https://registry.npmjs.org/fs/-/fs-0.0.1-security.tgz",
      "integrity": "sha512-3XY9e1pP0CVEUCdj5BmfIZxRBTSDycnbqhIOGec9QYtmVH2fbLpj86CFWkrNOkt/Fvty4KZG5lTglL9j/gJ87w=="
    },
    "node_modules/node-fetch": {
      "version": "2.6.7",
      "resolved": "https://registry.npmjs.org/node-fetch/-/node-fetch-2.6.7.tgz",
      "integrity": "sha512-ZjMPFEfVx5j+y2yF35Kzx5sF7kDzxuDj6ziH4FFbOp87zKDZNx8yExJIb05OGF4Nlt9IHFIMBkRl41VdvcNdbQ==",
      "dependencies": {
        "whatwg-url": "^5.0.0"
      },
      "engines": {
        "node": "4.x || >=6.0.0"
      },
      "peerDependencies": {
        "encoding": "^0.1.0"
      },
      "peerDependenciesMeta": {
        "encoding": {
          "optional": true
        }
      }
    },
    "node_modules/prisma": {
      "version": "4.0.0",
      "resolved": "https://registry.npmjs.org/prisma/-/prisma-4.0.0.tgz",
      "integrity": "sha512-Dtsar03XpCBkcEb2ooGWO/WcgblDTLzGhPcustbehwlFXuTMliMDRzXsfygsgYwQoZnAUKRd1rhpvBNEUziOVw==",
      "devOptional": true,
      "hasInstallScript": true,
      "dependencies": {
        "@prisma/engines": "3.16.0-49.da41d2bb3406da22087b849f0e911199ba4fbf11"
      },
      "bin": {
        "prisma": "build/index.js",
        "prisma2": "build/index.js"
      },
      "engines": {
        "node": ">=14.17"
      }
    },
    "node_modules/stream-transform": {
      "version": "3.1.0",
      "resolved": "https://registry.npmjs.org/stream-transform/-/stream-transform-3.1.0.tgz",
      "integrity": "sha512-ncT/rST/M2N2zGLacJmeB7TNq/XS8Ck0xqvhYX6bgLwSPTSZLVFCSvNnwTU+RYhk9fAfwzCkYH9I5kdgcDMvfw=="
    },
    "node_modules/tr46": {
      "version": "0.0.3",
      "resolved": "https://registry.npmjs.org/tr46/-/tr46-0.0.3.tgz",
      "integrity": "sha512-N3WMsuqV66lT30CrXNbEjx4GEwlow3v6rr4mCcv6prnfwhS01rkgyFdjPNBYd9br7LpXV1+Emh01fHnq2Gdgrw=="
    },
    "node_modules/webidl-conversions": {
      "version": "3.0.1",
      "resolved": "https://registry.npmjs.org/webidl-conversions/-/webidl-conversions-3.0.1.tgz",
      "integrity": "sha512-2JAn3z8AR6rjK8Sm8orRC0h/bcl/DqL7tRPdGZ4I1CjdF+EaMLmYxBHyXuKL849eucPFhvBoxMsflfOb8kxaeQ=="
    },
    "node_modules/whatwg-url": {
      "version": "5.0.0",
      "resolved": "https://registry.npmjs.org/whatwg-url/-/whatwg-url-5.0.0.tgz",
      "integrity": "sha512-saE57nupxk6v3HY35+jzBwYa0rKSy0XR8JSxZPwgLr7ys0IBzhGviA1/TUGJLmSVqs8pb9AnvICXEuOHLprYTw==",
      "dependencies": {
        "tr46": "~0.0.3",
        "webidl-conversions": "^3.0.0"
      }
    }
  },
  "dependencies": {
    "@prisma/client": {
      "version": "4.0.0",
      "resolved": "https://registry.npmjs.org/@prisma/client/-/client-4.0.0.tgz",
      "integrity": "sha512-g1h2OGoRo7anBVQ9Cw3gsbjwPtvf7i0pkGxKeZICtwkvE5CZXW+xZF4FZdmrViYkKaAShbISL0teNpu9ecpf4g==",
      "requires": {
        "@prisma/engines-version": "3.16.0-49.da41d2bb3406da22087b849f0e911199ba4fbf11"
      }
    },
    "@prisma/engines": {
      "version": "3.16.0-49.da41d2bb3406da22087b849f0e911199ba4fbf11",
      "resolved": "https://registry.npmjs.org/@prisma/engines/-/engines-3.16.0-49.da41d2bb3406da22087b849f0e911199ba4fbf11.tgz",
      "integrity": "sha512-u/rG4lDHALolWBLr3yebZ+N2qImp3SDMcu7bHNJuRDaYvYEXy/MqfNRNEgd9GoPsXL3gofYf0VzJf2AmCG3YVw==",
      "devOptional": true
    },
    "@prisma/engines-version": {
      "version": "3.16.0-49.da41d2bb3406da22087b849f0e911199ba4fbf11",
      "resolved": "https://registry.npmjs.org/@prisma/engines-version/-/engines-version-3.16.0-49.da41d2bb3406da22087b849f0e911199ba4fbf11.tgz",
      "integrity": "sha512-PiZhdD624SrYEjyLboI0X7OugNbxUzDJx9v/6ldTKuqNDVUCmRH/Z00XwDi/dgM4FlqOSO+YiUsSiSKjxxG8cw=="
    },
    "csv": {
      "version": "6.1.5",
      "resolved": "https://registry.npmjs.org/csv/-/csv-6.1.5.tgz",
      "integrity": "sha512-1zwpMJj/8qzU17VSGs2KKCNhc0vF596vTUcTChJvkj73ADYrPtOTSIV/OrcuFDAQhck3P+ihnvBvxDZ4o5jlBw==",
      "requires": {
        "csv-generate": "^4.1.0",
        "csv-parse": "^5.2.2",
        "csv-stringify": "^6.1.3",
        "stream-transform": "^3.1.0"
      }
    },
    "csv-generate": {
      "version": "4.1.0",
      "resolved": "https://registry.npmjs.org/csv-generate/-/csv-generate-4.1.0.tgz",
      "integrity": "sha512-Z17wI0xmDfpwzB7lShyK7INBt0YMyh5kV7svWTwsBSOa30T6Lq1fHHasmSCtf2rRTI7GnTk52HQRYBk0ToAXQQ=="
    },
    "csv-parse": {
      "version": "5.2.2",
      "resolved": "https://registry.npmjs.org/csv-parse/-/csv-parse-5.2.2.tgz",
      "integrity": "sha512-WCQVGZM5YEj+2+mOuV0ss73GQi/pSlurOGD7qlJJi0sY9DPp2KiX7AInd3W1mjaxnIASlUIHirsTnLX5LoHF4g=="
    },
    "csv-stringify": {
      "version": "6.1.3",
      "resolved": "https://registry.npmjs.org/csv-stringify/-/csv-stringify-6.1.3.tgz",
      "integrity": "sha512-jK2oj6VQafoke0uBXYqYhlwLg4d5qNYjikld+oMgdkOiSiFJygDfQJsiK67igX13Vb/DFnCJexnlhiSErjKR4g=="
    },
    "fs": {
      "version": "0.0.1-security",
      "resolved": "https://registry.npmjs.org/fs/-/fs-0.0.1-security.tgz",
      "integrity": "sha512-3XY9e1pP0CVEUCdj5BmfIZxRBTSDycnbqhIOGec9QYtmVH2fbLpj86CFWkrNOkt/Fvty4KZG5lTglL9j/gJ87w=="
    },
    "node-fetch": {
      "version": "2.6.7",
      "resolved": "https://registry.npmjs.org/node-fetch/-/node-fetch-2.6.7.tgz",
      "integrity": "sha512-ZjMPFEfVx5j+y2yF35Kzx5sF7kDzxuDj6ziH4FFbOp87zKDZNx8yExJIb05OGF4Nlt9IHFIMBkRl41VdvcNdbQ==",
      "requires": {
        "whatwg-url": "^5.0.0"
      }
    },
    "prisma": {
      "version": "4.0.0",
      "resolved": "https://registry.npmjs.org/prisma/-/prisma-4.0.0.tgz",
      "integrity": "sha512-Dtsar03XpCBkcEb2ooGWO/WcgblDTLzGhPcustbehwlFXuTMliMDRzXsfygsgYwQoZnAUKRd1rhpvBNEUziOVw==",
      "devOptional": true,
      "requires": {
        "@prisma/engines": "3.16.0-49.da41d2bb3406da22087b849f0e911199ba4fbf11"
      }
    },
    "stream-transform": {
      "version": "3.1.0",
      "resolved": "https://registry.npmjs.org/stream-transform/-/stream-transform-3.1.0.tgz",
      "integrity": "sha512-ncT/rST/M2N2zGLacJmeB7TNq/XS8Ck0xqvhYX6bgLwSPTSZLVFCSvNnwTU+RYhk9fAfwzCkYH9I5kdgcDMvfw=="
    },
    "tr46": {
      "version": "0.0.3",
      "resolved": "https://registry.npmjs.org/tr46/-/tr46-0.0.3.tgz",
      "integrity": "sha512-N3WMsuqV66lT30CrXNbEjx4GEwlow3v6rr4mCcv6prnfwhS01rkgyFdjPNBYd9br7LpXV1+Emh01fHnq2Gdgrw=="
    },
    "webidl-conversions": {
      "version": "3.0.1",
      "resolved": "https://registry.npmjs.org/webidl-conversions/-/webidl-conversions-3.0.1.tgz",
      "integrity": "sha512-2JAn3z8AR6rjK8Sm8orRC0h/bcl/DqL7tRPdGZ4I1CjdF+EaMLmYxBHyXuKL849eucPFhvBoxMsflfOb8kxaeQ=="
    },
    "whatwg-url": {
      "version": "5.0.0",
      "resolved": "https://registry.npmjs.org/whatwg-url/-/whatwg-url-5.0.0.tgz",
      "integrity": "sha512-saE57nupxk6v3HY35+jzBwYa0rKSy0XR8JSxZPwgLr7ys0IBzhGviA1/TUGJLmSVqs8pb9AnvICXEuOHLprYTw==",
      "requires": {
        "tr46": "~0.0.3",
        "webidl-conversions": "^3.0.0"
      }
    }
  }
}
